
Microsoft Visual Studio Solution File, Format Version 12.00
# Visual Studio 15
VisualStudioVersion = 15.0.27130.2027
MinimumVisualStudioVersion = 10.0.40219.1
Project("{FAE04EC0-301F-11D3-BF4B-00C04F79EFBC}") = "DidILockMy.Android", "DidILockMy\DidILockMy.Android\DidILockMy.Android.csproj", "{9E3DEF98-BEB9-40BD-8049-F31F7A7971E3}"
EndProject
Project("{FAE04EC0-301F-11D3-BF4B-00C04F79EFBC}") = "DidILockMy.iOS", "DidILockMy\DidILockMy.iOS\DidILockMy.iOS.csproj", "{5EFB7A16-9FC4-42FC-904A-E9395EF6F4BB}"
EndProject
Project("{9A19103F-16F7-4668-BE54-9A1E7A4F7556}") = "DidILockMy", "DidILockMy\DidILockMy\DidILockMy.csproj", "{CA7366FF-28D9-4E66-AB54-3BE830B890DA}"
EndProject
Project("{FAE04EC0-301F-11D3-BF4B-00C04F79EFBC}") = "DidILockMy.Contracts", "DidILockMy.Contracts\DidILockMy.Contracts.csproj", "{BCF8B483-7A62-4678-B91C-739C9A0897DF}"
EndProject
Global
	GlobalSection(SolutionConfigurationPlatforms) = preSolution
		Ad-Hoc|Any CPU = Ad-Hoc|Any CPU
		Ad-Hoc|iPhone = Ad-Hoc|iPhone
		Ad-Hoc|iPhoneSimulator = Ad-Hoc|iPhoneSimulator
		AppStore|Any CPU = AppStore|Any CPU
		AppStore|iPhone = AppStore|iPhone
		AppStore|iPhoneSimulator = AppStore|iPhoneSimulator
		Debug|Any CPU = Debug|Any CPU
		Debug|iPhone = Debug|iPhone
		Debug|iPhoneSimulator = Debug|iPhoneSimulator
		Release|Any CPU = Release|Any CPU
		Release|iPhone = Release|iPhone
		Release|iPhoneSimulator = Release|iPhoneSimulator
	EndGlobalSection
	GlobalSection(ProjectConfigurationPlatforms) = postSolution
		{9E3DEF98-BEB9-40BD-8049-F31F7A7971E3}.Ad-Hoc|Any CPU.ActiveCfg = Release|Any CPU
		{9E3DEF98-BEB9-40BD-8049-F31F7A7971E3}.Ad-Hoc|Any CPU.Build.0 = Release|Any CPU
		{9E3DEF98-BEB9-40BD-8049-F31F7A7971E3}.Ad-Hoc|Any CPU.Deploy.0 = Release|Any CPU
		{9E3DEF98-BEB9-40BD-8049-F31F7A7971E3}.Ad-Hoc|iPhone.ActiveCfg = Release|Any CPU
		{9E3DEF98-BEB9-40BD-8049-F31F7A7971E3}.Ad-Hoc|iPhone.Build.0 = Release|Any CPU
		{9E3DEF98-BEB9-40BD-8049-F31F7A7971E3}.Ad-Hoc|iPhone.Deploy.0 = Release|Any CPU
		{9E3DEF98-BEB9-40BD-8049-F31F7A7971E3}.Ad-Hoc|iPhoneSimulator.ActiveCfg = Release|Any CPU
		{9E3DEF98-BEB9-40BD-8049-F31F7A7971E3}.Ad-Hoc|iPhoneSimulator.Build.0 = Release|Any CPU
		{9E3DEF98-BEB9-40BD-8049-F31F7A7971E3}.Ad-Hoc|iPhoneSimulator.Deploy.0 = Release|Any CPU
		{9E3DEF98-BEB9-40BD-8049-F31F7A7971E3}.AppStore|Any CPU.ActiveCfg = Release|Any CPU
		{9E3DEF98-BEB9-40BD-8049-F31F7A7971E3}.AppStore|Any CPU.Build.0 = Release|Any CPU
		{9E3DEF98-BEB9-40BD-8049-F31F7A7971E3}.AppStore|Any CPU.Deploy.0 = Release|Any CPU
		{9E3DEF98-BEB9-40BD-8049-F31F7A7971E3}.AppStore|iPhone.ActiveCfg = Release|Any CPU
		{9E3DEF98-BEB9-40BD-8049-F31F7A7971E3}.AppStore|iPhone.Build.0 = Release|Any CPU
		{9E3DEF98-BEB9-40BD-8049-F31F7A7971E3}.AppStore|iPhone.Deploy.0 = Release|Any CPU
		{9E3DEF98-BEB9-40BD-8049-F31F7A7971E3}.AppStore|iPhoneSimulator.ActiveCfg = Release|Any CPU
		{9E3DEF98-BEB9-40BD-8049-F31F7A7971E3}.AppStore|iPhoneSimulator.Build.0 = Release|Any CPU
		{9E3DEF98-BEB9-40BD-8049-F31F7A7971E3}.AppStore|iPhoneSimulator.Deploy.0 = Release|Any CPU
		{9E3DEF98-BEB9-40BD-8049-F31F7A7971E3}.Debug|Any CPU.ActiveCfg = Debug|Any CPU
		{9E3DEF98-BEB9-40BD-8049-F31F7A7971E3}.Debug|Any CPU.Build.0 = Debug|Any CPU
		{9E3DEF98-BEB9-40BD-8049-F31F7A7971E3}.Debug|Any CPU.Deploy.0 = Debug|Any CPU
		{9E3DEF98-BEB9-40BD-8049-F31F7A7971E3}.Debug|iPhone.ActiveCfg = Debug|Any CPU
		{9E3DEF98-BEB9-40BD-8049-F31F7A7971E3}.Debug|iPhone.Build.0 = Debug|Any CPU
		{9E3DEF98-BEB9-40BD-8049-F31F7A7971E3}.Debug|iPhone.Deploy.0 = Debug|Any CPU
		{9E3DEF98-BEB9-40BD-8049-F31F7A7971E3}.Debug|iPhoneSimulator.ActiveCfg = Debug|Any CPU
		{9E3DEF98-BEB9-40BD-8049-F31F7A7971E3}.Debug|iPhoneSimulator.Build.0 = Debug|Any CPU
		{9E3DEF98-BEB9-40BD-8049-F31F7A7971E3}.Debug|iPhoneSimulator.Deploy.0 = Debug|Any CPU
		{9E3DEF98-BEB9-40BD-8049-F31F7A7971E3}.Release|Any CPU.ActiveCfg = Release|Any CPU
		{9E3DEF98-BEB9-40BD-8049-F31F7A7971E3}.Release|Any CPU.Build.0 = Release|Any CPU
		{9E3DEF98-BEB9-40BD-8049-F31F7A7971E3}.Release|Any CPU.Deploy.0 = Release|Any CPU
		{9E3DEF98-BEB9-40BD-8049-F31F7A7971E3}.Release|iPhone.ActiveCfg = Release|Any CPU
		{9E3DEF98-BEB9-40BD-8049-F31F7A7971E3}.Release|iPhone.Build.0 = Release|Any CPU
		{9E3DEF98-BEB9-40BD-8049-F31F7A7971E3}.Release|iPhone.Deploy.0 = Release|Any CPU
		{9E3DEF98-BEB9-40BD-8049-F31F7A7971E3}.Release|iPhoneSimulator.ActiveCfg = Release|Any CPU
		{9E3DEF98-BEB9-40BD-8049-F31F7A7971E3}.Release|iPhoneSimulator.Build.0 = Release|Any CPU
		{9E3DEF98-BEB9-40BD-8049-F31F7A7971E3}.Release|iPhoneSimulator.Deploy.0 = Release|Any CPU
		{5EFB7A16-9FC4-42FC-904A-E9395EF6F4BB}.Ad-Hoc|Any CPU.ActiveCfg = Ad-Hoc|iPhone
		{5EFB7A16-9FC4-42FC-904A-E9395EF6F4BB}.Ad-Hoc|iPhone.ActiveCfg = Ad-Hoc|iPhone
		{5EFB7A16-9FC4-42FC-904A-E9395EF6F4BB}.Ad-Hoc|iPhone.Build.0 = Ad-Hoc|iPhone
		{5EFB7A16-9FC4-42FC-904A-E9395EF6F4BB}.Ad-Hoc|iPhoneSimulator.ActiveCfg = Ad-Hoc|iPhoneSimulator
		{5EFB7A16-9FC4-42FC-904A-E9395EF6F4BB}.Ad-Hoc|iPhoneSimulator.Build.0 = Ad-Hoc|iPhoneSimulator
		{5EFB7A16-9FC4-42FC-904A-E9395EF6F4BB}.AppStore|Any CPU.ActiveCfg = AppStore|iPhone
		{5EFB7A16-9FC4-42FC-904A-E9395EF6F4BB}.AppStore|iPhone.ActiveCfg = AppStore|iPhone
		{5EFB7A16-9FC4-42FC-904A-E9395EF6F4BB}.AppStore|iPhone.Build.0 = AppStore|iPhone
		{5EFB7A16-9FC4-42FC-904A-E9395EF6F4BB}.AppStore|iPhoneSimulator.ActiveCfg = AppStore|iPhoneSimulator
		{5EFB7A16-9FC4-42FC-904A-E9395EF6F4BB}.AppStore|iPhoneSimulator.Build.0 = AppStore|iPhoneSimulator
		{5EFB7A16-9FC4-42FC-904A-E9395EF6F4BB}.Debug|Any CPU.ActiveCfg = Debug|iPhone
		{5EFB7A16-9FC4-42FC-904A-E9395EF6F4BB}.Debug|iPhone.ActiveCfg = Debug|iPhone
		{5EFB7A16-9FC4-42FC-904A-E9395EF6F4BB}.Debug|iPhone.Build.0 = Debug|iPhone
		{5EFB7A16-9FC4-42FC-904A-E9395EF6F4BB}.Debug|iPhoneSimulator.ActiveCfg = Debug|iPhoneSimulator
		{5EFB7A16-9FC4-42FC-904A-E9395EF6F4BB}.Debug|iPhoneSimulator.Build.0 = Debug|iPhoneSimulator
		{5EFB7A16-9FC4-42FC-904A-E9395EF6F4BB}.Release|Any CPU.ActiveCfg = Release|iPhone
		{5EFB7A16-9FC4-42FC-904A-E9395EF6F4BB}.Release|iPhone.ActiveCfg = Release|iPhone
		{5EFB7A16-9FC4-42FC-904A-E9395EF6F4BB}.Release|iPhone.Build.0 = Release|iPhone
		{5EFB7A16-9FC4-42FC-904A-E9395EF6F4BB}.Release|iPhoneSimulator.ActiveCfg = Release|iPhoneSimulator
		{5EFB7A16-9FC4-42FC-904A-E9395EF6F4BB}.Release|iPhoneSimulator.Build.0 = Release|iPhoneSimulator
		{CA7366FF-28D9-4E66-AB54-3BE830B890DA}.Ad-Hoc|Any CPU.ActiveCfg = Debug|Any CPU
		{CA7366FF-28D9-4E66-AB54-3BE830B890DA}.Ad-Hoc|Any CPU.Build.0 = Debug|Any CPU
		{CA7366FF-28D9-4E66-AB54-3BE830B890DA}.Ad-Hoc|iPhone.ActiveCfg = Debug|Any CPU
		{CA7366FF-28D9-4E66-AB54-3BE830B890DA}.Ad-Hoc|iPhone.Build.0 = Debug|Any CPU
		{CA7366FF-28D9-4E66-AB54-3BE830B890DA}.Ad-Hoc|iPhoneSimulator.ActiveCfg = Debug|Any CPU
		{CA7366FF-28D9-4E66-AB54-3BE830B890DA}.Ad-Hoc|iPhoneSimulator.Build.0 = Debug|Any CPU
		{CA7366FF-28D9-4E66-AB54-3BE830B890DA}.AppStore|Any CPU.ActiveCfg = Debug|Any CPU
		{CA7366FF-28D9-4E66-AB54-3BE830B890DA}.AppStore|Any CPU.Build.0 = Debug|Any CPU
		{CA7366FF-28D9-4E66-AB54-3BE830B890DA}.AppStore|iPhone.ActiveCfg = Debug|Any CPU
		{CA7366FF-28D9-4E66-AB54-3BE830B890DA}.AppStore|iPhone.Build.0 = Debug|Any CPU
		{CA7366FF-28D9-4E66-AB54-3BE830B890DA}.AppStore|iPhoneSimulator.ActiveCfg = Debug|Any CPU
		{CA7366FF-28D9-4E66-AB54-3BE830B890DA}.AppStore|iPhoneSimulator.Build.0 = Debug|Any CPU
		{CA7366FF-28D9-4E66-AB54-3BE830B890DA}.Debug|Any CPU.ActiveCfg = Debug|Any CPU
		{CA7366FF-28D9-4E66-AB54-3BE830B890DA}.Debug|Any CPU.Build.0 = Debug|Any CPU
		{CA7366FF-28D9-4E66-AB54-3BE830B890DA}.Debug|iPhone.ActiveCfg = Debug|Any CPU
		{CA7366FF-28D9-4E66-AB54-3BE830B890DA}.Debug|iPhone.Build.0 = Debug|Any CPU
		{CA7366FF-28D9-4E66-AB54-3BE830B890DA}.Debug|iPhoneSimulator.ActiveCfg = Debug|Any CPU
		{CA7366FF-28D9-4E66-AB54-3BE830B890DA}.Debug|iPhoneSimulator.Build.0 = Debug|Any CPU
		{CA7366FF-28D9-4E66-AB54-3BE830B890DA}.Release|Any CPU.ActiveCfg = Release|Any CPU
		{CA7366FF-28D9-4E66-AB54-3BE830B890DA}.Release|Any CPU.Build.0 = Release|Any CPU
		{CA7366FF-28D9-4E66-AB54-3BE830B890DA}.Release|iPhone.ActiveCfg = Release|Any CPU
		{CA7366FF-28D9-4E66-AB54-3BE830B890DA}.Release|iPhone.Build.0 = Release|Any CPU
		{CA7366FF-28D9-4E66-AB54-3BE830B890DA}.Release|iPhoneSimulator.ActiveCfg = Release|Any CPU
		{CA7366FF-28D9-4E66-AB54-3BE830B890DA}.Release|iPhoneSimulator.Build.0 = Release|Any CPU
		{BCF8B483-7A62-4678-B91C-739C9A0897DF}.Ad-Hoc|Any CPU.ActiveCfg = Debug|Any CPU
		{BCF8B483-7A62-4678-B91C-739C9A0897DF}.Ad-Hoc|Any CPU.Build.0 = Debug|Any CPU
		{BCF8B483-7A62-4678-B91C-739C9A0897DF}.Ad-Hoc|iPhone.ActiveCfg = Debug|Any CPU
		{BCF8B483-7A62-4678-B91C-739C9A0897DF}.Ad-Hoc|iPhone.Build.0 = Debug|Any CPU
		{BCF8B483-7A62-4678-B91C-739C9A0897DF}.Ad-Hoc|iPhoneSimulator.ActiveCfg = Debug|Any CPU
		{BCF8B483-7A62-4678-B91C-739C9A0897DF}.Ad-Hoc|iPhoneSimulator.Build.0 = Debug|Any CPU
		{BCF8B483-7A62-4678-B91C-739C9A0897DF}.AppStore|Any CPU.ActiveCfg = Debug|Any CPU
		{BCF8B483-7A62-4678-B91C-739C9A0897DF}.AppStore|Any CPU.Build.0 = Debug|Any CPU
		{BCF8B483-7A62-4678-B91C-739C9A0897DF}.AppStore|iPhone.ActiveCfg = Debug|Any CPU
		{BCF8B483-7A62-4678-B91C-739C9A0897DF}.AppStore|iPhone.Build.0 = Debug|Any CPU
		{BCF8B483-7A62-4678-B91C-739C9A0897DF}.AppStore|iPhoneSimulator.ActiveCfg = Debug|Any CPU
		{BCF8B483-7A62-4678-B91C-739C9A0897DF}.AppStore|iPhoneSimulator.Build.0 = Debug|Any CPU
		{BCF8B483-7A62-4678-B91C-739C9A0897DF}.Debug|Any CPU.ActiveCfg = Debug|Any CPU
		{BCF8B483-7A62-4678-B91C-739C9A0897DF}.Debug|Any CPU.Build.0 = Debug|Any CPU
		{BCF8B483-7A62-4678-B91C-739C9A0897DF}.Debug|iPhone.ActiveCfg = Debug|Any CPU
		{BCF8B483-7A62-4678-B91C-739C9A0897DF}.Debug|iPhone.Build.0 = Debug|Any CPU
		{BCF8B483-7A62-4678-B91C-739C9A0897DF}.Debug|iPhoneSimulator.ActiveCfg = Debug|Any CPU
		{BCF8B483-7A62-4678-B91C-739C9A0897DF}.Debug|iPhoneSimulator.Build.0 = Debug|Any CPU
		{BCF8B483-7A62-4678-B91C-739C9A0897DF}.Release|Any CPU.ActiveCfg = Release|Any CPU
		{BCF8B483-7A62-4678-B91C-739C9A0897DF}.Release|Any CPU.Build.0 = Release|Any CPU
		{BCF8B483-7A62-4678-B91C-739C9A0897DF}.Release|iPhone.ActiveCfg = Release|Any CPU
		{BCF8B483-7A62-4678-B91C-739C9A0897DF}.Release|iPhone.Build.0 = Release|Any CPU
		{BCF8B483-7A62-4678-B91C-739C9A0897DF}.Release|iPhoneSimulator.ActiveCfg = Release|Any CPU
		{BCF8B483-7A62-4678-B91C-739C9A0897DF}.Release|iPhoneSimulator.Build.0 = Release|Any CPU
	EndGlobalSection
	GlobalSection(SolutionProperties) = preSolution
		HideSolutionNode = FALSE
	EndGlobalSection
	GlobalSection(ExtensibilityGlobals) = postSolution
		SolutionGuid = {C873BCE6-B188-4116-8AE0-338513E1CC0F}
	EndGlobalSection
EndGlobal
